# @generated by Move, please check-in and do not edit manually.

[move]
version = 3
manifest_digest = "4000A53C784B825686AED781C780C9FBC4C656CDAD0F207568537BF9C8488564"
deps_digest = "F8BBB0CCB2491CA29A3DF03D6F92277A4F3574266507ACD77214D37ECA3F3082"
dependencies = [
  { id = "Sui", name = "Sui" },
]

[[move.package]]
id = "MoveStdlib"
source = { git = "https://github.com/MystenLabs/sui.git", rev = "framework/testnet", subdir = "crates/sui-framework/packages/move-stdlib" }

[[move.package]]
id = "Sui"
source = { git = "https://github.com/MystenLabs/sui.git", rev = "framework/testnet", subdir = "crates/sui-framework/packages/sui-framework" }

dependencies = [
  { id = "MoveStdlib", name = "MoveStdlib" },
]

[move.toolchain-version]
compiler-version = "1.53.2"
edition = "2024.beta"
flavor = "sui"

[env]

[env.testnet]
chain-id = "4c78adac"
original-published-id = "0x4050e30d0c6f624bf983c240fab1b4f0618a7b8e0de50e993e4baef344f5d3ec"
latest-published-id = "0x4050e30d0c6f624bf983c240fab1b4f0618a7b8e0de50e993e4baef344f5d3ec"
published-version = "1"
